
Microsoft Visual Studio Solution File, Format Version 12.00
Project("{FAE04EC0-301F-11D3-BF4B-00C04F79EFBC}") = "ImpromptuNinjas.Opus", "ImpromptuNinjas.Opus\ImpromptuNinjas.Opus.csproj", "{87467934-A92B-4CF5-80C4-B660ADA88BDD}"
EndProject
Project("{FAE04EC0-301F-11D3-BF4B-00C04F79EFBC}") = "OpenAlDemo", "OpenAlDemo\OpenAlDemo.csproj", "{8750CB74-CF1D-47D9-A8CD-751C28B42788}"
EndProject
Project("{FAE04EC0-301F-11D3-BF4B-00C04F79EFBC}") = "SdlDemo", "SdlDemo\SdlDemo.csproj", "{A5E1DC82-0B88-47ED-A23D-A0C567EA2DAA}"
EndProject
Global
	GlobalSection(SolutionConfigurationPlatforms) = preSolution
		Debug|Any CPU = Debug|Any CPU
		Release|Any CPU = Release|Any CPU
	EndGlobalSection
	GlobalSection(ProjectConfigurationPlatforms) = postSolution
		{87467934-A92B-4CF5-80C4-B660ADA88BDD}.Debug|Any CPU.ActiveCfg = Debug|Any CPU
		{87467934-A92B-4CF5-80C4-B660ADA88BDD}.Debug|Any CPU.Build.0 = Debug|Any CPU
		{87467934-A92B-4CF5-80C4-B660ADA88BDD}.Release|Any CPU.ActiveCfg = Release|Any CPU
		{87467934-A92B-4CF5-80C4-B660ADA88BDD}.Release|Any CPU.Build.0 = Release|Any CPU
		{8750CB74-CF1D-47D9-A8CD-751C28B42788}.Debug|Any CPU.ActiveCfg = Debug|Any CPU
		{8750CB74-CF1D-47D9-A8CD-751C28B42788}.Debug|Any CPU.Build.0 = Debug|Any CPU
		{8750CB74-CF1D-47D9-A8CD-751C28B42788}.Release|Any CPU.ActiveCfg = Release|Any CPU
		{8750CB74-CF1D-47D9-A8CD-751C28B42788}.Release|Any CPU.Build.0 = Release|Any CPU
		{A5E1DC82-0B88-47ED-A23D-A0C567EA2DAA}.Debug|Any CPU.ActiveCfg = Debug|Any CPU
		{A5E1DC82-0B88-47ED-A23D-A0C567EA2DAA}.Debug|Any CPU.Build.0 = Debug|Any CPU
		{A5E1DC82-0B88-47ED-A23D-A0C567EA2DAA}.Release|Any CPU.ActiveCfg = Release|Any CPU
		{A5E1DC82-0B88-47ED-A23D-A0C567EA2DAA}.Release|Any CPU.Build.0 = Release|Any CPU
	EndGlobalSection
EndGlobal
